
Microsoft Visual Studio Solution File, Format Version 12.00
# Visual Studio Version 16
VisualStudioVersion = 16.0.33214.272
MinimumVisualStudioVersion = 10.0.40219.1
Project("{FAE04EC0-301F-11D3-BF4B-00C04F79EFBC}") = "Mission9", "Mission9\Mission9.csproj", "{AEACD0AA-1848-4470-AB55-ACC2E95BC257}"
EndProject
Global
	GlobalSection(SolutionConfigurationPlatforms) = preSolution
		Debug|Any CPU = Debug|Any CPU
		Release|Any CPU = Release|Any CPU
	EndGlobalSection
	GlobalSection(ProjectConfigurationPlatforms) = postSolution
		{AEACD0AA-1848-4470-AB55-ACC2E95BC257}.Debug|Any CPU.ActiveCfg = Debug|Any CPU
		{AEACD0AA-1848-4470-AB55-ACC2E95BC257}.Debug|Any CPU.Build.0 = Debug|Any CPU
		{AEACD0AA-1848-4470-AB55-ACC2E95BC257}.Release|Any CPU.ActiveCfg = Release|Any CPU
		{AEACD0AA-1848-4470-AB55-ACC2E95BC257}.Release|Any CPU.Build.0 = Release|Any CPU
	EndGlobalSection
	GlobalSection(SolutionProperties) = preSolution
		HideSolutionNode = FALSE
	EndGlobalSection
	GlobalSection(ExtensibilityGlobals) = postSolution
		SolutionGuid = {E5DCCC2D-C5EA-4D9B-B481-F72212596CFA}
	EndGlobalSection
EndGlobal
